
Microsoft Visual Studio Solution File, Format Version 12.00
# Visual Studio 2012
Project("{FAE04EC0-301F-11D3-BF4B-00C04F79EFBC}") = "SpecflowApp", "SpecflowTest\SpecflowApp.csproj", "{A7C8729A-0FD9-4219-8C11-57962902BFCA}"
EndProject
Project("{FAE04EC0-301F-11D3-BF4B-00C04F79EFBC}") = "SpecflowApp.Test", "SpecflowApp.Test\SpecflowApp.Test.csproj", "{2C2F414C-DFE4-4E2C-A952-68A86753B31A}"
EndProject
Global
	GlobalSection(SolutionConfigurationPlatforms) = preSolution
		Debug|Any CPU = Debug|Any CPU
		Debug|ARM = Debug|ARM
		Debug|x64 = Debug|x64
		Debug|x86 = Debug|x86
		Release|Any CPU = Release|Any CPU
		Release|ARM = Release|ARM
		Release|x64 = Release|x64
		Release|x86 = Release|x86
	EndGlobalSection
	GlobalSection(ProjectConfigurationPlatforms) = postSolution
		{A7C8729A-0FD9-4219-8C11-57962902BFCA}.Debug|Any CPU.ActiveCfg = Debug|Any CPU
		{A7C8729A-0FD9-4219-8C11-57962902BFCA}.Debug|Any CPU.Build.0 = Debug|Any CPU
		{A7C8729A-0FD9-4219-8C11-57962902BFCA}.Debug|Any CPU.Deploy.0 = Debug|Any CPU
		{A7C8729A-0FD9-4219-8C11-57962902BFCA}.Debug|ARM.ActiveCfg = Debug|ARM
		{A7C8729A-0FD9-4219-8C11-57962902BFCA}.Debug|ARM.Build.0 = Debug|ARM
		{A7C8729A-0FD9-4219-8C11-57962902BFCA}.Debug|ARM.Deploy.0 = Debug|ARM
		{A7C8729A-0FD9-4219-8C11-57962902BFCA}.Debug|x64.ActiveCfg = Debug|x64
		{A7C8729A-0FD9-4219-8C11-57962902BFCA}.Debug|x64.Build.0 = Debug|x64
		{A7C8729A-0FD9-4219-8C11-57962902BFCA}.Debug|x64.Deploy.0 = Debug|x64
		{A7C8729A-0FD9-4219-8C11-57962902BFCA}.Debug|x86.ActiveCfg = Debug|x86
		{A7C8729A-0FD9-4219-8C11-57962902BFCA}.Debug|x86.Build.0 = Debug|x86
		{A7C8729A-0FD9-4219-8C11-57962902BFCA}.Debug|x86.Deploy.0 = Debug|x86
		{A7C8729A-0FD9-4219-8C11-57962902BFCA}.Release|Any CPU.ActiveCfg = Release|Any CPU
		{A7C8729A-0FD9-4219-8C11-57962902BFCA}.Release|Any CPU.Build.0 = Release|Any CPU
		{A7C8729A-0FD9-4219-8C11-57962902BFCA}.Release|Any CPU.Deploy.0 = Release|Any CPU
		{A7C8729A-0FD9-4219-8C11-57962902BFCA}.Release|ARM.ActiveCfg = Release|ARM
		{A7C8729A-0FD9-4219-8C11-57962902BFCA}.Release|ARM.Build.0 = Release|ARM
		{A7C8729A-0FD9-4219-8C11-57962902BFCA}.Release|ARM.Deploy.0 = Release|ARM
		{A7C8729A-0FD9-4219-8C11-57962902BFCA}.Release|x64.ActiveCfg = Release|x64
		{A7C8729A-0FD9-4219-8C11-57962902BFCA}.Release|x64.Build.0 = Release|x64
		{A7C8729A-0FD9-4219-8C11-57962902BFCA}.Release|x64.Deploy.0 = Release|x64
		{A7C8729A-0FD9-4219-8C11-57962902BFCA}.Release|x86.ActiveCfg = Release|x86
		{A7C8729A-0FD9-4219-8C11-57962902BFCA}.Release|x86.Build.0 = Release|x86
		{A7C8729A-0FD9-4219-8C11-57962902BFCA}.Release|x86.Deploy.0 = Release|x86
		{2C2F414C-DFE4-4E2C-A952-68A86753B31A}.Debug|Any CPU.ActiveCfg = Debug|Any CPU
		{2C2F414C-DFE4-4E2C-A952-68A86753B31A}.Debug|Any CPU.Build.0 = Debug|Any CPU
		{2C2F414C-DFE4-4E2C-A952-68A86753B31A}.Debug|Any CPU.Deploy.0 = Debug|Any CPU
		{2C2F414C-DFE4-4E2C-A952-68A86753B31A}.Debug|ARM.ActiveCfg = Debug|ARM
		{2C2F414C-DFE4-4E2C-A952-68A86753B31A}.Debug|ARM.Build.0 = Debug|ARM
		{2C2F414C-DFE4-4E2C-A952-68A86753B31A}.Debug|ARM.Deploy.0 = Debug|ARM
		{2C2F414C-DFE4-4E2C-A952-68A86753B31A}.Debug|x64.ActiveCfg = Debug|x64
		{2C2F414C-DFE4-4E2C-A952-68A86753B31A}.Debug|x64.Build.0 = Debug|x64
		{2C2F414C-DFE4-4E2C-A952-68A86753B31A}.Debug|x64.Deploy.0 = Debug|x64
		{2C2F414C-DFE4-4E2C-A952-68A86753B31A}.Debug|x86.ActiveCfg = Debug|x86
		{2C2F414C-DFE4-4E2C-A952-68A86753B31A}.Debug|x86.Build.0 = Debug|x86
		{2C2F414C-DFE4-4E2C-A952-68A86753B31A}.Debug|x86.Deploy.0 = Debug|x86
		{2C2F414C-DFE4-4E2C-A952-68A86753B31A}.Release|Any CPU.ActiveCfg = Release|Any CPU
		{2C2F414C-DFE4-4E2C-A952-68A86753B31A}.Release|Any CPU.Build.0 = Release|Any CPU
		{2C2F414C-DFE4-4E2C-A952-68A86753B31A}.Release|Any CPU.Deploy.0 = Release|Any CPU
		{2C2F414C-DFE4-4E2C-A952-68A86753B31A}.Release|ARM.ActiveCfg = Release|ARM
		{2C2F414C-DFE4-4E2C-A952-68A86753B31A}.Release|ARM.Build.0 = Release|ARM
		{2C2F414C-DFE4-4E2C-A952-68A86753B31A}.Release|ARM.Deploy.0 = Release|ARM
		{2C2F414C-DFE4-4E2C-A952-68A86753B31A}.Release|x64.ActiveCfg = Release|x64
		{2C2F414C-DFE4-4E2C-A952-68A86753B31A}.Release|x64.Build.0 = Release|x64
		{2C2F414C-DFE4-4E2C-A952-68A86753B31A}.Release|x64.Deploy.0 = Release|x64
		{2C2F414C-DFE4-4E2C-A952-68A86753B31A}.Release|x86.ActiveCfg = Release|x86
		{2C2F414C-DFE4-4E2C-A952-68A86753B31A}.Release|x86.Build.0 = Release|x86
		{2C2F414C-DFE4-4E2C-A952-68A86753B31A}.Release|x86.Deploy.0 = Release|x86
	EndGlobalSection
	GlobalSection(SolutionProperties) = preSolution
		HideSolutionNode = FALSE
	EndGlobalSection
EndGlobal
